
Microsoft Visual Studio Solution File, Format Version 12.00
# Visual Studio Version 17
VisualStudioVersion = 17.9.34723.18
MinimumVisualStudioVersion = 10.0.40219.1
Project("{9A19103F-16F7-4668-BE54-9A1E7A4F7556}") = "WpfApp", "WpfApp\WpfApp.csproj", "{BA8A0832-1F61-423D-8EAC-E4BEAC920765}"
EndProject
Project("{9A19103F-16F7-4668-BE54-9A1E7A4F7556}") = "BusinessObjects", "BusinessObjects\BusinessObjects.csproj", "{C81EEDFD-5749-431B-8C8F-02D705FA16DB}"
EndProject
Project("{9A19103F-16F7-4668-BE54-9A1E7A4F7556}") = "DataAccessLayer", "DataAccessLayer\DataAccessLayer.csproj", "{EAEF56B2-9145-49BD-B1E9-6B6E15066A33}"
EndProject
Project("{9A19103F-16F7-4668-BE54-9A1E7A4F7556}") = "Repositories", "Repositories\Repositories.csproj", "{3B71234E-5DB7-472B-9C09-FED2BB7BFC95}"
EndProject
Global
	GlobalSection(SolutionConfigurationPlatforms) = preSolution
		Debug|Any CPU = Debug|Any CPU
		Release|Any CPU = Release|Any CPU
	EndGlobalSection
	GlobalSection(ProjectConfigurationPlatforms) = postSolution
		{BA8A0832-1F61-423D-8EAC-E4BEAC920765}.Debug|Any CPU.ActiveCfg = Debug|Any CPU
		{BA8A0832-1F61-423D-8EAC-E4BEAC920765}.Debug|Any CPU.Build.0 = Debug|Any CPU
		{BA8A0832-1F61-423D-8EAC-E4BEAC920765}.Release|Any CPU.ActiveCfg = Release|Any CPU
		{BA8A0832-1F61-423D-8EAC-E4BEAC920765}.Release|Any CPU.Build.0 = Release|Any CPU
		{C81EEDFD-5749-431B-8C8F-02D705FA16DB}.Debug|Any CPU.ActiveCfg = Debug|Any CPU
		{C81EEDFD-5749-431B-8C8F-02D705FA16DB}.Debug|Any CPU.Build.0 = Debug|Any CPU
		{C81EEDFD-5749-431B-8C8F-02D705FA16DB}.Release|Any CPU.ActiveCfg = Release|Any CPU
		{C81EEDFD-5749-431B-8C8F-02D705FA16DB}.Release|Any CPU.Build.0 = Release|Any CPU
		{EAEF56B2-9145-49BD-B1E9-6B6E15066A33}.Debug|Any CPU.ActiveCfg = Debug|Any CPU
		{EAEF56B2-9145-49BD-B1E9-6B6E15066A33}.Debug|Any CPU.Build.0 = Debug|Any CPU
		{EAEF56B2-9145-49BD-B1E9-6B6E15066A33}.Release|Any CPU.ActiveCfg = Release|Any CPU
		{EAEF56B2-9145-49BD-B1E9-6B6E15066A33}.Release|Any CPU.Build.0 = Release|Any CPU
		{3B71234E-5DB7-472B-9C09-FED2BB7BFC95}.Debug|Any CPU.ActiveCfg = Debug|Any CPU
		{3B71234E-5DB7-472B-9C09-FED2BB7BFC95}.Debug|Any CPU.Build.0 = Debug|Any CPU
		{3B71234E-5DB7-472B-9C09-FED2BB7BFC95}.Release|Any CPU.ActiveCfg = Release|Any CPU
		{3B71234E-5DB7-472B-9C09-FED2BB7BFC95}.Release|Any CPU.Build.0 = Release|Any CPU
	EndGlobalSection
	GlobalSection(SolutionProperties) = preSolution
		HideSolutionNode = FALSE
	EndGlobalSection
	GlobalSection(ExtensibilityGlobals) = postSolution
		SolutionGuid = {B768AE09-3874-40CF-8979-9F6BCA932D67}
	EndGlobalSection
EndGlobal
